
Microsoft Visual Studio Solution File, Format Version 12.00
# Visual Studio Version 17
VisualStudioVersion = 17.5.33627.172
MinimumVisualStudioVersion = 10.0.40219.1
Project("{9A19103F-16F7-4668-BE54-9A1E7A4F7556}") = "GeoItemMap.WEB", "GeoItemMap.WEB\GeoItemMap.WEB.csproj", "{B1E1B0BB-2741-4FEB-BE07-08AC3D341043}"
EndProject
Project("{9A19103F-16F7-4668-BE54-9A1E7A4F7556}") = "GeoItemMap.DAL", "GeoItemMap.DAL\GeoItemMap.DAL.csproj", "{8FE92BEE-05F3-4502-A25F-F07138C759D9}"
EndProject
Project("{9A19103F-16F7-4668-BE54-9A1E7A4F7556}") = "Geteway.WebApi", "Geteway.WebApi\Geteway.WebApi.csproj", "{AF447AFF-CEFB-4B7E-A2EC-8CF0D2BFAF38}"
EndProject
Project("{FAE04EC0-301F-11D3-BF4B-00C04F79EFBC}") = "Authorization.Microservice", "Authorization.Microservice\Authorization.Microservice.csproj", "{1D80E368-1C9D-436E-9DFB-BD0C9CAB65DB}"
EndProject
Global
	GlobalSection(SolutionConfigurationPlatforms) = preSolution
		Debug|Any CPU = Debug|Any CPU
		Release|Any CPU = Release|Any CPU
	EndGlobalSection
	GlobalSection(ProjectConfigurationPlatforms) = postSolution
		{B1E1B0BB-2741-4FEB-BE07-08AC3D341043}.Debug|Any CPU.ActiveCfg = Debug|Any CPU
		{B1E1B0BB-2741-4FEB-BE07-08AC3D341043}.Debug|Any CPU.Build.0 = Debug|Any CPU
		{B1E1B0BB-2741-4FEB-BE07-08AC3D341043}.Release|Any CPU.ActiveCfg = Release|Any CPU
		{B1E1B0BB-2741-4FEB-BE07-08AC3D341043}.Release|Any CPU.Build.0 = Release|Any CPU
		{8FE92BEE-05F3-4502-A25F-F07138C759D9}.Debug|Any CPU.ActiveCfg = Debug|Any CPU
		{8FE92BEE-05F3-4502-A25F-F07138C759D9}.Debug|Any CPU.Build.0 = Debug|Any CPU
		{8FE92BEE-05F3-4502-A25F-F07138C759D9}.Release|Any CPU.ActiveCfg = Release|Any CPU
		{8FE92BEE-05F3-4502-A25F-F07138C759D9}.Release|Any CPU.Build.0 = Release|Any CPU
		{AF447AFF-CEFB-4B7E-A2EC-8CF0D2BFAF38}.Debug|Any CPU.ActiveCfg = Debug|Any CPU
		{AF447AFF-CEFB-4B7E-A2EC-8CF0D2BFAF38}.Debug|Any CPU.Build.0 = Debug|Any CPU
		{AF447AFF-CEFB-4B7E-A2EC-8CF0D2BFAF38}.Release|Any CPU.ActiveCfg = Release|Any CPU
		{AF447AFF-CEFB-4B7E-A2EC-8CF0D2BFAF38}.Release|Any CPU.Build.0 = Release|Any CPU
		{1D80E368-1C9D-436E-9DFB-BD0C9CAB65DB}.Debug|Any CPU.ActiveCfg = Debug|Any CPU
		{1D80E368-1C9D-436E-9DFB-BD0C9CAB65DB}.Debug|Any CPU.Build.0 = Debug|Any CPU
		{1D80E368-1C9D-436E-9DFB-BD0C9CAB65DB}.Release|Any CPU.ActiveCfg = Release|Any CPU
		{1D80E368-1C9D-436E-9DFB-BD0C9CAB65DB}.Release|Any CPU.Build.0 = Release|Any CPU
	EndGlobalSection
	GlobalSection(SolutionProperties) = preSolution
		HideSolutionNode = FALSE
	EndGlobalSection
	GlobalSection(ExtensibilityGlobals) = postSolution
		SolutionGuid = {62F57B25-E244-4261-8CF9-F55D00E47CDE}
	EndGlobalSection
EndGlobal
